
Microsoft Visual Studio Solution File, Format Version 12.00
# Visual Studio Version 17
VisualStudioVersion = 17.14.36310.24 d17.14
MinimumVisualStudioVersion = 10.0.40219.1
Project("{FAE04EC0-301F-11D3-BF4B-00C04F79EFBC}") = "Practical6", "Practical6\Practical6.csproj", "{F5113EAC-8198-4852-9125-5771DDED1AEB}"
EndProject
Global
	GlobalSection(SolutionConfigurationPlatforms) = preSolution
		Debug|Any CPU = Debug|Any CPU
		Release|Any CPU = Release|Any CPU
	EndGlobalSection
	GlobalSection(ProjectConfigurationPlatforms) = postSolution
		{F5113EAC-8198-4852-9125-5771DDED1AEB}.Debug|Any CPU.ActiveCfg = Debug|Any CPU
		{F5113EAC-8198-4852-9125-5771DDED1AEB}.Debug|Any CPU.Build.0 = Debug|Any CPU
		{F5113EAC-8198-4852-9125-5771DDED1AEB}.Release|Any CPU.ActiveCfg = Release|Any CPU
		{F5113EAC-8198-4852-9125-5771DDED1AEB}.Release|Any CPU.Build.0 = Release|Any CPU
	EndGlobalSection
	GlobalSection(SolutionProperties) = preSolution
		HideSolutionNode = FALSE
	EndGlobalSection
	GlobalSection(ExtensibilityGlobals) = postSolution
		SolutionGuid = {59A2CBB8-B465-42BF-AE25-FE9545C4BF06}
	EndGlobalSection
EndGlobal
